
Microsoft Visual Studio Solution File, Format Version 11.00
# Visual Studio 2010
Project("{FAE04EC0-301F-11D3-BF4B-00C04F79EFBC}") = "CollectionViewWithXibCell", "CollectionViewWithXibCell\CollectionViewWithXibCell.csproj", "{434F8887-D92E-4A82-ABCF-B409965C8922}"
EndProject
Global
	GlobalSection(SolutionConfigurationPlatforms) = preSolution
		Debug|iPhoneSimulator = Debug|iPhoneSimulator
		Release|iPhoneSimulator = Release|iPhoneSimulator
		Debug|iPhone = Debug|iPhone
		Release|iPhone = Release|iPhone
		Ad-Hoc|iPhone = Ad-Hoc|iPhone
		AppStore|iPhone = AppStore|iPhone
	EndGlobalSection
	GlobalSection(ProjectConfigurationPlatforms) = postSolution
		{434F8887-D92E-4A82-ABCF-B409965C8922}.Ad-Hoc|iPhone.ActiveCfg = Ad-Hoc|iPhone
		{434F8887-D92E-4A82-ABCF-B409965C8922}.Ad-Hoc|iPhone.Build.0 = Ad-Hoc|iPhone
		{434F8887-D92E-4A82-ABCF-B409965C8922}.AppStore|iPhone.ActiveCfg = AppStore|iPhone
		{434F8887-D92E-4A82-ABCF-B409965C8922}.AppStore|iPhone.Build.0 = AppStore|iPhone
		{434F8887-D92E-4A82-ABCF-B409965C8922}.Debug|iPhone.ActiveCfg = Debug|iPhone
		{434F8887-D92E-4A82-ABCF-B409965C8922}.Debug|iPhone.Build.0 = Debug|iPhone
		{434F8887-D92E-4A82-ABCF-B409965C8922}.Debug|iPhoneSimulator.ActiveCfg = Debug|iPhoneSimulator
		{434F8887-D92E-4A82-ABCF-B409965C8922}.Debug|iPhoneSimulator.Build.0 = Debug|iPhoneSimulator
		{434F8887-D92E-4A82-ABCF-B409965C8922}.Release|iPhone.ActiveCfg = Release|iPhone
		{434F8887-D92E-4A82-ABCF-B409965C8922}.Release|iPhone.Build.0 = Release|iPhone
		{434F8887-D92E-4A82-ABCF-B409965C8922}.Release|iPhoneSimulator.ActiveCfg = Release|iPhoneSimulator
		{434F8887-D92E-4A82-ABCF-B409965C8922}.Release|iPhoneSimulator.Build.0 = Release|iPhoneSimulator
	EndGlobalSection
	GlobalSection(MonoDevelopProperties) = preSolution
		StartupItem = CollectionViewWithXibCell\CollectionViewWithXibCell.csproj
	EndGlobalSection
EndGlobal
